
Microsoft Visual Studio Solution File, Format Version 12.00
# Visual Studio Version 16
VisualStudioVersion = 16.0.31515.178
MinimumVisualStudioVersion = 10.0.40219.1
Project("{FAE04EC0-301F-11D3-BF4B-00C04F79EFBC}") = "mvcdockerteamcity", "mvcdockerteamcity\mvcdockerteamcity.csproj", "{ED687056-41F0-4C6A-85B1-F03C80B018A1}"
EndProject
Global
	GlobalSection(SolutionConfigurationPlatforms) = preSolution
		Debug|Any CPU = Debug|Any CPU
		Release|Any CPU = Release|Any CPU
	EndGlobalSection
	GlobalSection(ProjectConfigurationPlatforms) = postSolution
		{ED687056-41F0-4C6A-85B1-F03C80B018A1}.Debug|Any CPU.ActiveCfg = Debug|Any CPU
		{ED687056-41F0-4C6A-85B1-F03C80B018A1}.Debug|Any CPU.Build.0 = Debug|Any CPU
		{ED687056-41F0-4C6A-85B1-F03C80B018A1}.Release|Any CPU.ActiveCfg = Release|Any CPU
		{ED687056-41F0-4C6A-85B1-F03C80B018A1}.Release|Any CPU.Build.0 = Release|Any CPU
	EndGlobalSection
	GlobalSection(SolutionProperties) = preSolution
		HideSolutionNode = FALSE
	EndGlobalSection
	GlobalSection(ExtensibilityGlobals) = postSolution
		SolutionGuid = {CB0CF88A-C648-4B2C-B457-1665CA367F12}
	EndGlobalSection
EndGlobal
